
Microsoft Visual Studio Solution File, Format Version 12.00
# Visual Studio 15
VisualStudioVersion = 15.0.28307.852
MinimumVisualStudioVersion = 10.0.40219.1
Project("{FAE04EC0-301F-11D3-BF4B-00C04F79EFBC}") = "ejercicio5", "ejercicio5\ejercicio5.csproj", "{9CE99104-1C02-4ED3-AD38-3CD6DEF3659F}"
EndProject
Global
	GlobalSection(SolutionConfigurationPlatforms) = preSolution
		Debug|Any CPU = Debug|Any CPU
		Release|Any CPU = Release|Any CPU
	EndGlobalSection
	GlobalSection(ProjectConfigurationPlatforms) = postSolution
		{9CE99104-1C02-4ED3-AD38-3CD6DEF3659F}.Debug|Any CPU.ActiveCfg = Debug|Any CPU
		{9CE99104-1C02-4ED3-AD38-3CD6DEF3659F}.Debug|Any CPU.Build.0 = Debug|Any CPU
		{9CE99104-1C02-4ED3-AD38-3CD6DEF3659F}.Release|Any CPU.ActiveCfg = Release|Any CPU
		{9CE99104-1C02-4ED3-AD38-3CD6DEF3659F}.Release|Any CPU.Build.0 = Release|Any CPU
	EndGlobalSection
	GlobalSection(SolutionProperties) = preSolution
		HideSolutionNode = FALSE
	EndGlobalSection
	GlobalSection(ExtensibilityGlobals) = postSolution
		SolutionGuid = {B2A1B372-9F49-4CBB-B96A-8866BFEE9631}
	EndGlobalSection
EndGlobal
