
Microsoft Visual Studio Solution File, Format Version 12.00
# Visual Studio 15
VisualStudioVersion = 15.0.28307.852
MinimumVisualStudioVersion = 10.0.40219.1
Project("{FAE04EC0-301F-11D3-BF4B-00C04F79EFBC}") = "Ejercicio3", "Ejercicio3\Ejercicio3.csproj", "{91292B5D-CB8C-45F8-BE02-289CAFDE25EE}"
EndProject
Global
	GlobalSection(SolutionConfigurationPlatforms) = preSolution
		Debug|Any CPU = Debug|Any CPU
		Release|Any CPU = Release|Any CPU
	EndGlobalSection
	GlobalSection(ProjectConfigurationPlatforms) = postSolution
		{91292B5D-CB8C-45F8-BE02-289CAFDE25EE}.Debug|Any CPU.ActiveCfg = Debug|Any CPU
		{91292B5D-CB8C-45F8-BE02-289CAFDE25EE}.Debug|Any CPU.Build.0 = Debug|Any CPU
		{91292B5D-CB8C-45F8-BE02-289CAFDE25EE}.Release|Any CPU.ActiveCfg = Release|Any CPU
		{91292B5D-CB8C-45F8-BE02-289CAFDE25EE}.Release|Any CPU.Build.0 = Release|Any CPU
	EndGlobalSection
	GlobalSection(SolutionProperties) = preSolution
		HideSolutionNode = FALSE
	EndGlobalSection
	GlobalSection(ExtensibilityGlobals) = postSolution
		SolutionGuid = {00837D2A-1652-47E1-A23C-3AB56D508A37}
	EndGlobalSection
EndGlobal
